PODS:
  - PureLayout (3.0.2)
  - ReactiveCocoa (2.5):
    - ReactiveCocoa/UI (= 2.5)
  - ReactiveCocoa/Core (2.5):
    - ReactiveCocoa/no-arc
  - ReactiveCocoa/no-arc (2.5)
  - ReactiveCocoa/UI (2.5):
    - ReactiveCocoa/Core
  - SDWebImage (4.2.2):
    - SDWebImage/Core (= 4.2.2)
  - SDWebImage/Core (4.2.2)
  - SVProgressHUD (2.0.4)
  - ToolKit (0.1.0):
    - PureLayout (~> 3.0.2)
    - ReactiveCocoa (~> 2.5)
    - SDWebImage
    - SVProgressHUD (~> 2.0.2)
    - ToolKit/TTDate (= 0.1.0)
    - ToolKit/TTNotification (= 0.1.0)
  - ToolKit/TTDate (0.1.0):
    - PureLayout (~> 3.0.2)
    - ReactiveCocoa (~> 2.5)
    - SDWebImage
    - SVProgressHUD (~> 2.0.2)
  - ToolKit/TTNotification (0.1.0):
    - PureLayout (~> 3.0.2)
    - ReactiveCocoa (~> 2.5)
    - SDWebImage
    - SVProgressHUD (~> 2.0.2)
  - UMCAnalytics (5.5.0):
    - UMCCommon
  - UMCCommon (1.5.1)

DEPENDENCIES:
  - ToolKit (from `../ToolKit.podspec`)
  - UMCAnalytics (~> 5.5.0)

SPEC REPOS:
  https://github.com/cocoapods/specs.git:
    - PureLayout
    - ReactiveCocoa
    - SDWebImage
    - SVProgressHUD
    - UMCAnalytics
    - UMCCommon

EXTERNAL SOURCES:
  ToolKit:
    :path: "../ToolKit.podspec"

SPEC CHECKSUMS:
  PureLayout: 4d550abe49a94f24c2808b9b95db9131685fe4cd
  ReactiveCocoa: e2db045570aa97c695e7aa97c2bcab222ae51f4a
  SDWebImage: 89a9d32cd520bbb46eb14e541d5109b3564af198
  SVProgressHUD: bfde85ed6c573ea802b9cb37894ed9b629034f1b
  ToolKit: 82d4cd6b756693fc98fbe712f436a14a9589ff7a
  UMCAnalytics: 4667788559a72f2fa5077117d1b8802a3b6eb6bb
  UMCCommon: 16b674e9de0616d3a6128c551348a686d869c3c7

PODFILE CHECKSUM: f780937fcd381f1c0dd1b7f9a849973b4fcc03f8

COCOAPODS: 1.5.3
